<?xml version="1.0" encoding="UTF-8"?>
<Scheme
   LastUpgradeVersion = "1610"
   version = "1.7">
   <BuildAction
      parallelizeBuildables = "YES"
      buildImplicitDependencies = "YES"
      buildArchitectures = "Automatic">
      <BuildActionEntries>
         <BuildActionEntry
            buildForTesting = "YES"
            buildForRunning = "YES"
            buildForProfiling = "YES"
            buildForArchiving = "YES"
            buildForAnalyzing = "YES">
            <BuildableReference
               BuildableIdentifier = "primary"
               BlueprintIdentifier = "AD1ABAAD2831907B00B3E448"
               BuildableName = "MovieQuiz.app"
               BlueprintName = "MovieQuiz"
               ReferencedContainer = "container:MovieQuiz.xcodeproj">
            </BuildableReference>
         </BuildActionEntry>
      </BuildActionEntries>
   </BuildAction>
   <TestAction
      buildConfiguration = "Debug"
      selectedDebuggerIdentifier = "Xcode.DebuggerFoundation.Debugger.LLDB"
      selectedLauncherIdentifier = "Xcode.DebuggerFoundation.Launcher.LLDB"
      shouldUseLaunchSchemeArgsEnv = "YES"
      shouldAutocreateTestPlan = "YES">
      <Testables>
         <TestableReference
            skipped = "NO"
            parallelizable = "YES">
            <BuildableReference
               BuildableIdentifier = "primary"
               BlueprintIdentifier = "27D63E912D70E25800BD2A9C"
               BuildableName = "MovieQuizTests.xctest"
               BlueprintName = "MovieQuizTests"
               ReferencedContainer = "container:MovieQuiz.xcodeproj">
            </BuildableReference>
         </TestableReference>
         <TestableReference
            skipped = "NO"
            parallelizable = "YES">
            <BuildableReference
               BuildableIdentifier = "primary"
               BlueprintIdentifier = "27D63E9E2D716F1600BD2A9C"
               BuildableName = "ArrayTests.xctest"
               BlueprintName = "ArrayTests"
               ReferencedContainer = "container:MovieQuiz.xcodeproj">
            </BuildableReference>
         </TestableReference>
         <TestableReference
            skipped = "YES"
            parallelizable = "YES">
            <BuildableReference
               BuildableIdentifier = "primary"
               BlueprintIdentifier = "27D9686F2D77323B002160EE"
               BuildableName = "MovieQuizUITests.xctest"
               BlueprintName = "MovieQuizUITests"
               ReferencedContainer = "container:MovieQuiz.xcodeproj">
            </BuildableReference>
         </TestableReference>
         <TestableReference
            skipped = "YES"
            parallelizable = "YES">
            <BuildableReference
               BuildableIdentifier = "primary"
               BlueprintIdentifier = "27D63EC02D76BC9F00BD2A9C"
               BuildableName = "MovieQuizUITests1.xctest"
               BlueprintName = "MovieQuizUITests1"
               ReferencedContainer = "container:MovieQuiz.xcodeproj">
            </BuildableReference>
         </TestableReference>
         <TestableReference
            skipped = "YES"
            parallelizable = "YES">
            <BuildableReference
               BuildableIdentifier = "primary"
               BlueprintIdentifier = "27D63EF72D76C29500BD2A9C"
               BuildableName = "MovieQuizUITest.xctest"
               BlueprintName = "MovieQuizUITest"
               ReferencedContainer = "container:MovieQuiz.xcodeproj">
            </BuildableReference>
         </TestableReference>
         <TestableReference
            skipped = "YES"
            parallelizable = "YES">
            <BuildableReference
               BuildableIdentifier = "primary"
               BlueprintIdentifier = "27D63F062D76C3E000BD2A9C"
               BuildableName = "MovieQuizUITests2.xctest"
               BlueprintName = "MovieQuizUITests2"
               ReferencedContainer = "container:MovieQuiz.xcodeproj">
            </BuildableReference>
         </TestableReference>
         <TestableReference
            skipped = "YES"
            parallelizable = "YES">
            <BuildableReference
               BuildableIdentifier = "primary"
               BlueprintIdentifier = "27D63F152D76DBDC00BD2A9C"
               BuildableName = "MovieQuizUITests3.xctest"
               BlueprintName = "MovieQuizUITests3"
               ReferencedContainer = "container:MovieQuiz.xcodeproj">
            </BuildableReference>
         </TestableReference>
         <TestableReference
            skipped = "YES"
            parallelizable = "YES">
            <BuildableReference
               BuildableIdentifier = "primary"
               BlueprintIdentifier = "2712AFE62D76F5DC00E616B0"
               BuildableName = "MovieQuizUITests4.xctest"
               BlueprintName = "MovieQuizUITests4"
               ReferencedContainer = "container:MovieQuiz.xcodeproj">
            </BuildableReference>
         </TestableReference>
         <TestableReference
            skipped = "NO"
            parallelizable = "YES">
            <BuildableReference
               BuildableIdentifier = "primary"
               BlueprintIdentifier = "27C25E2B2D76F980006C1DC9"
               BuildableName = "MovieQuizUITests5.xctest"
               BlueprintName = "MovieQuizUITests5"
               ReferencedContainer = "container:MovieQuiz.xcodeproj">
            </BuildableReference>
         </TestableReference>
         <TestableReference
            skipped = "NO"
            parallelizable = "YES">
            <BuildableReference
               BuildableIdentifier = "primary"
               BlueprintIdentifier = "27BBA2D92D813E4100725004"
               BuildableName = "MovieQuizPresenterTests.xctest"
               BlueprintName = "MovieQuizPresenterTests"
               ReferencedContainer = "container:MovieQuiz.xcodeproj">
            </BuildableReference>
         </TestableReference>
      </Testables>
   </TestAction>
   <LaunchAction
      buildConfiguration = "Debug"
      selectedDebuggerIdentifier = "Xcode.DebuggerFoundation.Debugger.LLDB"
      selectedLauncherIdentifier = "Xcode.DebuggerFoundation.Launcher.LLDB"
      launchStyle = "0"
      useCustomWorkingDirectory = "NO"
      ignoresPersistentStateOnLaunch = "NO"
      debugDocumentVersioning = "YES"
      debugServiceExtension = "internal"
      allowLocationSimulation = "YES">
      <BuildableProductRunnable
         runnableDebuggingMode = "0">
         <BuildableReference
            BuildableIdentifier = "primary"
            BlueprintIdentifier = "AD1ABAAD2831907B00B3E448"
            BuildableName = "MovieQuiz.app"
            BlueprintName = "MovieQuiz"
            ReferencedContainer = "container:MovieQuiz.xcodeproj">
         </BuildableReference>
      </BuildableProductRunnable>
   </LaunchAction>
   <ProfileAction
      buildConfiguration = "Release"
      shouldUseLaunchSchemeArgsEnv = "YES"
      savedToolIdentifier = ""
      useCustomWorkingDirectory = "NO"
      debugDocumentVersioning = "YES">
      <BuildableProductRunnable
         runnableDebuggingMode = "0">
         <BuildableReference
            BuildableIdentifier = "primary"
            BlueprintIdentifier = "AD1ABAAD2831907B00B3E448"
            BuildableName = "MovieQuiz.app"
            BlueprintName = "MovieQuiz"
            ReferencedContainer = "container:MovieQuiz.xcodeproj">
         </BuildableReference>
      </BuildableProductRunnable>
   </ProfileAction>
   <AnalyzeAction
      buildConfiguration = "Debug">
   </AnalyzeAction>
   <ArchiveAction
      buildConfiguration = "Release"
      revealArchiveInOrganizer = "YES">
   </ArchiveAction>
</Scheme>
